
Microsoft Visual Studio Solution File, Format Version 12.00
# Visual Studio Version 16
VisualStudioVersion = 16.0.29911.84
MinimumVisualStudioVersion = 10.0.40219.1
Project("{9A19103F-16F7-4668-BE54-9A1E7A4F7556}") = "HW27", "HW27\HW27.csproj", "{88BBC8A3-88B5-4DD1-8CE8-C76442E95396}"
EndProject
Global
	GlobalSection(SolutionConfigurationPlatforms) = preSolution
		Debug|Any CPU = Debug|Any CPU
		Release|Any CPU = Release|Any CPU
	EndGlobalSection
	GlobalSection(ProjectConfigurationPlatforms) = postSolution
		{88BBC8A3-88B5-4DD1-8CE8-C76442E95396}.Debug|Any CPU.ActiveCfg = Debug|Any CPU
		{88BBC8A3-88B5-4DD1-8CE8-C76442E95396}.Debug|Any CPU.Build.0 = Debug|Any CPU
		{88BBC8A3-88B5-4DD1-8CE8-C76442E95396}.Release|Any CPU.ActiveCfg = Release|Any CPU
		{88BBC8A3-88B5-4DD1-8CE8-C76442E95396}.Release|Any CPU.Build.0 = Release|Any CPU
	EndGlobalSection
	GlobalSection(SolutionProperties) = preSolution
		HideSolutionNode = FALSE
	EndGlobalSection
	GlobalSection(ExtensibilityGlobals) = postSolution
		SolutionGuid = {F85B44AB-89B5-4B1E-A041-1B98C9E5E84E}
	EndGlobalSection
EndGlobal
